
Microsoft Visual Studio Solution File, Format Version 12.00
# Visual Studio 2012
Project("{FAE04EC0-301F-11D3-BF4B-00C04F79EFBC}") = "TypeDefinitionParser", "TypeDefParser\TypeDefinitionParser.csproj", "{9E5DD7EF-096C-4E32-965B-3D62A57B7B48}"
EndProject
Global
	GlobalSection(SolutionConfigurationPlatforms) = preSolution
		Debug|Any CPU = Debug|Any CPU
		Release|Any CPU = Release|Any CPU
	EndGlobalSection
	GlobalSection(ProjectConfigurationPlatforms) = postSolution
		{9E5DD7EF-096C-4E32-965B-3D62A57B7B48}.Debug|Any CPU.ActiveCfg = Debug|Any CPU
		{9E5DD7EF-096C-4E32-965B-3D62A57B7B48}.Debug|Any CPU.Build.0 = Debug|Any CPU
		{9E5DD7EF-096C-4E32-965B-3D62A57B7B48}.Release|Any CPU.ActiveCfg = Release|Any CPU
		{9E5DD7EF-096C-4E32-965B-3D62A57B7B48}.Release|Any CPU.Build.0 = Release|Any CPU
	EndGlobalSection
	GlobalSection(SolutionProperties) = preSolution
		HideSolutionNode = FALSE
	EndGlobalSection
EndGlobal
