
Microsoft Visual Studio Solution File, Format Version 12.00
# Visual Studio 2012
Project("{FAE04EC0-301F-11D3-BF4B-00C04F79EFBC}") = "System", "System\System.csproj", "{5517A619-62C0-40FB-BB25-DB3B920E9B60}"
EndProject
Project("{FAE04EC0-301F-11D3-BF4B-00C04F79EFBC}") = "System.Collections", "System.Collections\System.Collections.csproj", "{2256DDD0-AB8B-47E7-886D-1A2C0E7A41AF}"
EndProject
Project("{FAE04EC0-301F-11D3-BF4B-00C04F79EFBC}") = "System.Collections.Generic", "System.Collections.Generic\System.Collections.Generic.csproj", "{F29C71A3-4DDB-4CA1-90CA-8E6AAC68FA48}"
EndProject
Project("{FAE04EC0-301F-11D3-BF4B-00C04F79EFBC}") = "System.Threading.Tasks", "System.Threading.Tasks\System.Threading.Tasks.csproj", "{ECDADD0E-7DB4-475A-B0ED-4F6AC0D5EBA6}"
EndProject
Project("{FAE04EC0-301F-11D3-BF4B-00C04F79EFBC}") = "System.Reflection", "System.Reflection\System.Reflection.csproj", "{87449B7A-D8C8-45CE-919B-1A73502D8DFA}"
EndProject
Global
	GlobalSection(SolutionConfigurationPlatforms) = preSolution
		Debug|Any CPU = Debug|Any CPU
		Release|Any CPU = Release|Any CPU
	EndGlobalSection
	GlobalSection(ProjectConfigurationPlatforms) = postSolution
		{5517A619-62C0-40FB-BB25-DB3B920E9B60}.Debug|Any CPU.ActiveCfg = Debug|Any CPU
		{5517A619-62C0-40FB-BB25-DB3B920E9B60}.Debug|Any CPU.Build.0 = Debug|Any CPU
		{5517A619-62C0-40FB-BB25-DB3B920E9B60}.Release|Any CPU.ActiveCfg = Release|Any CPU
		{5517A619-62C0-40FB-BB25-DB3B920E9B60}.Release|Any CPU.Build.0 = Release|Any CPU
		{2256DDD0-AB8B-47E7-886D-1A2C0E7A41AF}.Debug|Any CPU.ActiveCfg = Debug|Any CPU
		{2256DDD0-AB8B-47E7-886D-1A2C0E7A41AF}.Debug|Any CPU.Build.0 = Debug|Any CPU
		{2256DDD0-AB8B-47E7-886D-1A2C0E7A41AF}.Release|Any CPU.ActiveCfg = Release|Any CPU
		{2256DDD0-AB8B-47E7-886D-1A2C0E7A41AF}.Release|Any CPU.Build.0 = Release|Any CPU
		{F29C71A3-4DDB-4CA1-90CA-8E6AAC68FA48}.Debug|Any CPU.ActiveCfg = Debug|Any CPU
		{F29C71A3-4DDB-4CA1-90CA-8E6AAC68FA48}.Debug|Any CPU.Build.0 = Debug|Any CPU
		{F29C71A3-4DDB-4CA1-90CA-8E6AAC68FA48}.Release|Any CPU.ActiveCfg = Release|Any CPU
		{F29C71A3-4DDB-4CA1-90CA-8E6AAC68FA48}.Release|Any CPU.Build.0 = Release|Any CPU
		{ECDADD0E-7DB4-475A-B0ED-4F6AC0D5EBA6}.Debug|Any CPU.ActiveCfg = Debug|Any CPU
		{ECDADD0E-7DB4-475A-B0ED-4F6AC0D5EBA6}.Debug|Any CPU.Build.0 = Debug|Any CPU
		{ECDADD0E-7DB4-475A-B0ED-4F6AC0D5EBA6}.Release|Any CPU.ActiveCfg = Release|Any CPU
		{ECDADD0E-7DB4-475A-B0ED-4F6AC0D5EBA6}.Release|Any CPU.Build.0 = Release|Any CPU
		{87449B7A-D8C8-45CE-919B-1A73502D8DFA}.Debug|Any CPU.ActiveCfg = Debug|Any CPU
		{87449B7A-D8C8-45CE-919B-1A73502D8DFA}.Debug|Any CPU.Build.0 = Debug|Any CPU
		{87449B7A-D8C8-45CE-919B-1A73502D8DFA}.Release|Any CPU.ActiveCfg = Release|Any CPU
		{87449B7A-D8C8-45CE-919B-1A73502D8DFA}.Release|Any CPU.Build.0 = Release|Any CPU
	EndGlobalSection
	GlobalSection(SolutionProperties) = preSolution
		HideSolutionNode = FALSE
	EndGlobalSection
EndGlobal
