
Microsoft Visual Studio Solution File, Format Version 12.00
# Visual Studio 2012
Project("{FAE04EC0-301F-11D3-BF4B-00C04F79EFBC}") = "TypeSharpModules", "TypeSharpModules\TypeSharpModules.csproj", "{1BE94C28-BB14-473A-ACE6-8453F12326DF}"
EndProject
Project("{FAE04EC0-301F-11D3-BF4B-00C04F79EFBC}") = "BusinessObjects", "BusinessObjects\BusinessObjects.csproj", "{0D3D3091-101B-40A7-82D9-AC98109C7916}"
EndProject
Project("{FAE04EC0-301F-11D3-BF4B-00C04F79EFBC}") = "MVCSolution", "MVCSolution\MVCSolution.csproj", "{74B8F6EE-502C-40CD-A25B-893C837848EF}"
EndProject
Global
	GlobalSection(SolutionConfigurationPlatforms) = preSolution
		Debug|Any CPU = Debug|Any CPU
		Release|Any CPU = Release|Any CPU
	EndGlobalSection
	GlobalSection(ProjectConfigurationPlatforms) = postSolution
		{1BE94C28-BB14-473A-ACE6-8453F12326DF}.Debug|Any CPU.ActiveCfg = Debug|Any CPU
		{1BE94C28-BB14-473A-ACE6-8453F12326DF}.Debug|Any CPU.Build.0 = Debug|Any CPU
		{1BE94C28-BB14-473A-ACE6-8453F12326DF}.Release|Any CPU.ActiveCfg = Release|Any CPU
		{1BE94C28-BB14-473A-ACE6-8453F12326DF}.Release|Any CPU.Build.0 = Release|Any CPU
		{0D3D3091-101B-40A7-82D9-AC98109C7916}.Debug|Any CPU.ActiveCfg = Debug|Any CPU
		{0D3D3091-101B-40A7-82D9-AC98109C7916}.Debug|Any CPU.Build.0 = Debug|Any CPU
		{0D3D3091-101B-40A7-82D9-AC98109C7916}.Release|Any CPU.ActiveCfg = Release|Any CPU
		{0D3D3091-101B-40A7-82D9-AC98109C7916}.Release|Any CPU.Build.0 = Release|Any CPU
		{74B8F6EE-502C-40CD-A25B-893C837848EF}.Debug|Any CPU.ActiveCfg = Debug|Any CPU
		{74B8F6EE-502C-40CD-A25B-893C837848EF}.Release|Any CPU.ActiveCfg = Release|Any CPU
		{74B8F6EE-502C-40CD-A25B-893C837848EF}.Release|Any CPU.Build.0 = Release|Any CPU
	EndGlobalSection
	GlobalSection(SolutionProperties) = preSolution
		HideSolutionNode = FALSE
	EndGlobalSection
EndGlobal
